
Microsoft Visual Studio Solution File, Format Version 12.00
# Visual Studio Version 17
VisualStudioVersion = 17.1.32210.238
MinimumVisualStudioVersion = 10.0.40219.1
Project("{FAE04EC0-301F-11D3-BF4B-00C04F79EFBC}") = "MyApp", "MyApp\MyApp.csproj", "{981C8F76-5C10-48C6-9DA8-D8AF6F2B47C4}"
EndProject
Project("{FAE04EC0-301F-11D3-BF4B-00C04F79EFBC}") = "WebMVCAjax", "WebMVCAjax\WebMVCAjax.csproj", "{D210E06C-CA74-4E76-B927-04D1B5A397E9}"
EndProject
Project("{9A19103F-16F7-4668-BE54-9A1E7A4F7556}") = "KosaMVC", "KosaMVC\KosaMVC.csproj", "{3EBFB22E-2176-4928-8B49-F9D0A3301214}"
EndProject
Project("{FAE04EC0-301F-11D3-BF4B-00C04F79EFBC}") = "CrudMVC", "CrudMVC\CrudMVC.csproj", "{C424B29D-445E-46FF-A316-33B86E5E6EBA}"
EndProject
Project("{FAE04EC0-301F-11D3-BF4B-00C04F79EFBC}") = "WebAIP", "WebAIP\WebAIP.csproj", "{1B6EB2E4-1128-424C-902E-158F9A188683}"
EndProject
Project("{FAE04EC0-301F-11D3-BF4B-00C04F79EFBC}") = "WebEmp", "C:\Users\r2com\Downloads\WebEmp\WebEmp.csproj", "{9734DBC7-0CCB-4CAD-876C-4301AB609C75}"
EndProject
Project("{FAE04EC0-301F-11D3-BF4B-00C04F79EFBC}") = "Team4Web", "C:\Users\r2com\Downloads\Team4Web\Team4Web\Team4Web\Team4Web.csproj", "{0ADD0B45-F458-4718-925D-F224E9C3D532}"
EndProject
Project("{FAE04EC0-301F-11D3-BF4B-00C04F79EFBC}") = "WEBAPI", "WEBAPI\WEBAPI.csproj", "{86A29359-689C-4B04-9E55-3B6C886EC6D9}"
EndProject
Project("{FAE04EC0-301F-11D3-BF4B-00C04F79EFBC}") = "Linq", "Linq\Linq.csproj", "{8A9947BA-513E-4B60-88C3-E30A2ED9EEB4}"
EndProject
Project("{FAE04EC0-301F-11D3-BF4B-00C04F79EFBC}") = "WEBAPICRUD", "WEBAPICRUD\WEBAPICRUD.csproj", "{E7C76008-497F-4083-9F28-892B7CEBA5C4}"
EndProject
Global
	GlobalSection(SolutionConfigurationPlatforms) = preSolution
		Debug|Any CPU = Debug|Any CPU
		Release|Any CPU = Release|Any CPU
	EndGlobalSection
	GlobalSection(ProjectConfigurationPlatforms) = postSolution
		{981C8F76-5C10-48C6-9DA8-D8AF6F2B47C4}.Debug|Any CPU.ActiveCfg = Debug|Any CPU
		{981C8F76-5C10-48C6-9DA8-D8AF6F2B47C4}.Debug|Any CPU.Build.0 = Debug|Any CPU
		{981C8F76-5C10-48C6-9DA8-D8AF6F2B47C4}.Release|Any CPU.ActiveCfg = Release|Any CPU
		{981C8F76-5C10-48C6-9DA8-D8AF6F2B47C4}.Release|Any CPU.Build.0 = Release|Any CPU
		{D210E06C-CA74-4E76-B927-04D1B5A397E9}.Debug|Any CPU.ActiveCfg = Debug|Any CPU
		{D210E06C-CA74-4E76-B927-04D1B5A397E9}.Debug|Any CPU.Build.0 = Debug|Any CPU
		{D210E06C-CA74-4E76-B927-04D1B5A397E9}.Release|Any CPU.ActiveCfg = Release|Any CPU
		{D210E06C-CA74-4E76-B927-04D1B5A397E9}.Release|Any CPU.Build.0 = Release|Any CPU
		{3EBFB22E-2176-4928-8B49-F9D0A3301214}.Debug|Any CPU.ActiveCfg = Debug|Any CPU
		{3EBFB22E-2176-4928-8B49-F9D0A3301214}.Debug|Any CPU.Build.0 = Debug|Any CPU
		{3EBFB22E-2176-4928-8B49-F9D0A3301214}.Release|Any CPU.ActiveCfg = Release|Any CPU
		{3EBFB22E-2176-4928-8B49-F9D0A3301214}.Release|Any CPU.Build.0 = Release|Any CPU
		{C424B29D-445E-46FF-A316-33B86E5E6EBA}.Debug|Any CPU.ActiveCfg = Debug|Any CPU
		{C424B29D-445E-46FF-A316-33B86E5E6EBA}.Debug|Any CPU.Build.0 = Debug|Any CPU
		{C424B29D-445E-46FF-A316-33B86E5E6EBA}.Release|Any CPU.ActiveCfg = Release|Any CPU
		{C424B29D-445E-46FF-A316-33B86E5E6EBA}.Release|Any CPU.Build.0 = Release|Any CPU
		{1B6EB2E4-1128-424C-902E-158F9A188683}.Debug|Any CPU.ActiveCfg = Debug|Any CPU
		{1B6EB2E4-1128-424C-902E-158F9A188683}.Debug|Any CPU.Build.0 = Debug|Any CPU
		{1B6EB2E4-1128-424C-902E-158F9A188683}.Release|Any CPU.ActiveCfg = Release|Any CPU
		{1B6EB2E4-1128-424C-902E-158F9A188683}.Release|Any CPU.Build.0 = Release|Any CPU
		{9734DBC7-0CCB-4CAD-876C-4301AB609C75}.Debug|Any CPU.ActiveCfg = Debug|Any CPU
		{9734DBC7-0CCB-4CAD-876C-4301AB609C75}.Debug|Any CPU.Build.0 = Debug|Any CPU
		{9734DBC7-0CCB-4CAD-876C-4301AB609C75}.Release|Any CPU.ActiveCfg = Release|Any CPU
		{9734DBC7-0CCB-4CAD-876C-4301AB609C75}.Release|Any CPU.Build.0 = Release|Any CPU
		{0ADD0B45-F458-4718-925D-F224E9C3D532}.Debug|Any CPU.ActiveCfg = Debug|Any CPU
		{0ADD0B45-F458-4718-925D-F224E9C3D532}.Debug|Any CPU.Build.0 = Debug|Any CPU
		{0ADD0B45-F458-4718-925D-F224E9C3D532}.Release|Any CPU.ActiveCfg = Release|Any CPU
		{0ADD0B45-F458-4718-925D-F224E9C3D532}.Release|Any CPU.Build.0 = Release|Any CPU
		{86A29359-689C-4B04-9E55-3B6C886EC6D9}.Debug|Any CPU.ActiveCfg = Debug|Any CPU
		{86A29359-689C-4B04-9E55-3B6C886EC6D9}.Debug|Any CPU.Build.0 = Debug|Any CPU
		{86A29359-689C-4B04-9E55-3B6C886EC6D9}.Release|Any CPU.ActiveCfg = Release|Any CPU
		{86A29359-689C-4B04-9E55-3B6C886EC6D9}.Release|Any CPU.Build.0 = Release|Any CPU
		{8A9947BA-513E-4B60-88C3-E30A2ED9EEB4}.Debug|Any CPU.ActiveCfg = Debug|Any CPU
		{8A9947BA-513E-4B60-88C3-E30A2ED9EEB4}.Debug|Any CPU.Build.0 = Debug|Any CPU
		{8A9947BA-513E-4B60-88C3-E30A2ED9EEB4}.Release|Any CPU.ActiveCfg = Release|Any CPU
		{8A9947BA-513E-4B60-88C3-E30A2ED9EEB4}.Release|Any CPU.Build.0 = Release|Any CPU
		{E7C76008-497F-4083-9F28-892B7CEBA5C4}.Debug|Any CPU.ActiveCfg = Debug|Any CPU
		{E7C76008-497F-4083-9F28-892B7CEBA5C4}.Debug|Any CPU.Build.0 = Debug|Any CPU
		{E7C76008-497F-4083-9F28-892B7CEBA5C4}.Release|Any CPU.ActiveCfg = Release|Any CPU
		{E7C76008-497F-4083-9F28-892B7CEBA5C4}.Release|Any CPU.Build.0 = Release|Any CPU
	EndGlobalSection
	GlobalSection(SolutionProperties) = preSolution
		HideSolutionNode = FALSE
	EndGlobalSection
	GlobalSection(ExtensibilityGlobals) = postSolution
		SolutionGuid = {6403BDC5-5DE1-4F47-ACC7-1AE93481C3A7}
	EndGlobalSection
EndGlobal
